
Microsoft Visual Studio Solution File, Format Version 12.00
# Visual Studio 15
VisualStudioVersion = 15.0.28307.421
MinimumVisualStudioVersion = 10.0.40219.1
Project("{FAE04EC0-301F-11D3-BF4B-00C04F79EFBC}") = "SharpHose", "SharpHose\SharpHose.csproj", "{51C6E016-1428-441D-82E9-BB0EB599BBC8}"
EndProject
Global
	GlobalSection(SolutionConfigurationPlatforms) = preSolution
		Debug|Any CPU = Debug|Any CPU
		Release|Any CPU = Release|Any CPU
	EndGlobalSection
	GlobalSection(ProjectConfigurationPlatforms) = postSolution
		{51C6E016-1428-441D-82E9-BB0EB599BBC8}.Debug|Any CPU.ActiveCfg = Debug|Any CPU
		{51C6E016-1428-441D-82E9-BB0EB599BBC8}.Debug|Any CPU.Build.0 = Debug|Any CPU
		{51C6E016-1428-441D-82E9-BB0EB599BBC8}.Release|Any CPU.ActiveCfg = Release|Any CPU
		{51C6E016-1428-441D-82E9-BB0EB599BBC8}.Release|Any CPU.Build.0 = Release|Any CPU
	EndGlobalSection
	GlobalSection(SolutionProperties) = preSolution
		HideSolutionNode = FALSE
	EndGlobalSection
	GlobalSection(ExtensibilityGlobals) = postSolution
		SolutionGuid = {A7A74EA2-61CF-4A0B-BE2C-15C16F0DBF4D}
	EndGlobalSection
EndGlobal
